// !$*UTF8*$!
{
	archiveVersion = 1;
	classes = {
	};
	objectVersion = 56;
	objects = {

/* Begin PBXBuildFile section */
		B8138E892A7B60A800870FF0 /* CoreDataFeedStoreTests.swift in Sources */ = {isa = PBXBuildFile; fileRef = B8138E882A7B60A800870FF0 /* CoreDataFeedStoreTests.swift */; };
		B8138E8B2A7B633500870FF0 /* CoreDataFeedStore.swift in Sources */ = {isa = PBXBuildFile; fileRef = B8138E8A2A7B633500870FF0 /* CoreDataFeedStore.swift */; };
		B8138E8E2A7B673400870FF0 /* FeedStore.xcdatamodeld in Sources */ = {isa = PBXBuildFile; fileRef = B8138E8C2A7B673400870FF0 /* FeedStore.xcdatamodeld */; };
		B8138E932A7B764700870FF0 /* CoreDataHelpers.swift in Sources */ = {isa = PBXBuildFile; fileRef = B8138E922A7B764700870FF0 /* CoreDataHelpers.swift */; };
		B8138E952A7B769A00870FF0 /* ManagedCache.swift in Sources */ = {isa = PBXBuildFile; fileRef = B8138E942A7B769A00870FF0 /* ManagedCache.swift */; };
		B8138E972A7B76C500870FF0 /* ManagedFeedImage.swift in Sources */ = {isa = PBXBuildFile; fileRef = B8138E962A7B76C500870FF0 /* ManagedFeedImage.swift */; };
		B8138E9F2A7B878E00870FF0 /* EssentialFeedCacheIntegrationTests.swift in Sources */ = {isa = PBXBuildFile; fileRef = B8138E9E2A7B878E00870FF0 /* EssentialFeedCacheIntegrationTests.swift */; };
		B8138EA02A7B878E00870FF0 /* EssentialFeed.framework in Frameworks */ = {isa = PBXBuildFile; fileRef = B8A043C12A46F08D00355C32 /* EssentialFeed.framework */; };
		B8138EA72A7B89D500870FF0 /* XCTestCase+MemoryLeakTracking.swift in Sources */ = {isa = PBXBuildFile; fileRef = B8A043EB2A48751B00355C32 /* XCTestCase+MemoryLeakTracking.swift */; };
		B8138EA82A7B8A6B00870FF0 /* SharedTestHelpers.swift in Sources */ = {isa = PBXBuildFile; fileRef = B84D49862A59C80E00C60051 /* SharedTestHelpers.swift */; };
		B8138EA92A7B8A7B00870FF0 /* FeedCacheTestHelpers.swift in Sources */ = {isa = PBXBuildFile; fileRef = B84D49842A59C7ED00C60051 /* FeedCacheTestHelpers.swift */; };
		B84D497E2A59B26700C60051 /* LoadFeedFromCacheUseCaseTests.swift in Sources */ = {isa = PBXBuildFile; fileRef = B84D497D2A59B26700C60051 /* LoadFeedFromCacheUseCaseTests.swift */; };
		B84D49812A59B2B400C60051 /* FeedStoreSpy.swift in Sources */ = {isa = PBXBuildFile; fileRef = B84D49802A59B2B400C60051 /* FeedStoreSpy.swift */; };
		B84D49832A59C6CC00C60051 /* ValidateFeedCacheUseCaseTests.swift in Sources */ = {isa = PBXBuildFile; fileRef = B84D49822A59C6CC00C60051 /* ValidateFeedCacheUseCaseTests.swift */; };
		B84D49852A59C7ED00C60051 /* FeedCacheTestHelpers.swift in Sources */ = {isa = PBXBuildFile; fileRef = B84D49842A59C7ED00C60051 /* FeedCacheTestHelpers.swift */; };
		B84D49872A59C80E00C60051 /* SharedTestHelpers.swift in Sources */ = {isa = PBXBuildFile; fileRef = B84D49862A59C80E00C60051 /* SharedTestHelpers.swift */; };
		B84D49892A5A974300C60051 /* FeedCachePolicy.swift in Sources */ = {isa = PBXBuildFile; fileRef = B84D49882A5A974300C60051 /* FeedCachePolicy.swift */; };
		B860A0BE2A51B8D8002E7294 /* CacheFeedUseCaseTests.swift in Sources */ = {isa = PBXBuildFile; fileRef = B860A0BD2A51B8D8002E7294 /* CacheFeedUseCaseTests.swift */; };
		B860A0C12A585F11002E7294 /* LocalFeedLoader.swift in Sources */ = {isa = PBXBuildFile; fileRef = B860A0C02A585F11002E7294 /* LocalFeedLoader.swift */; };
		B860A0C32A585F66002E7294 /* FeedStore.swift in Sources */ = {isa = PBXBuildFile; fileRef = B860A0C22A585F66002E7294 /* FeedStore.swift */; };
		B860A0C52A59A011002E7294 /* RemoteFeedItem.swift in Sources */ = {isa = PBXBuildFile; fileRef = B860A0C42A59A011002E7294 /* RemoteFeedItem.swift */; };
		B860A0C72A59A055002E7294 /* LocalFeedImage.swift in Sources */ = {isa = PBXBuildFile; fileRef = B860A0C62A59A055002E7294 /* LocalFeedImage.swift */; };
		B8A043CA2A46F08D00355C32 /* EssentialFeed.framework in Frameworks */ = {isa = PBXBuildFile; fileRef = B8A043C12A46F08D00355C32 /* EssentialFeed.framework */; };
		B8A043D02A46F08D00355C32 /* EssentialFeed.h in Headers */ = {isa = PBXBuildFile; fileRef = B8A043C42A46F08D00355C32 /* EssentialFeed.h */; settings = {ATTRIBUTES = (Public, ); }; };
		B8A043DA2A46F0DB00355C32 /* FeedImage.swift in Sources */ = {isa = PBXBuildFile; fileRef = B8A043D92A46F0DB00355C32 /* FeedImage.swift */; };
		B8A043DC2A46F23500355C32 /* FeedLoader.swift in Sources */ = {isa = PBXBuildFile; fileRef = B8A043DB2A46F23500355C32 /* FeedLoader.swift */; };
		B8A043DF2A46F40300355C32 /* LoadFeedFromRemoteUseCaseTests.swift in Sources */ = {isa = PBXBuildFile; fileRef = B8A043DE2A46F40300355C32 /* LoadFeedFromRemoteUseCaseTests.swift */; };
		B8A043E22A470FA600355C32 /* RemoteFeedLoader.swift in Sources */ = {isa = PBXBuildFile; fileRef = B8A043E12A470FA600355C32 /* RemoteFeedLoader.swift */; };
		B8A043E42A4826CA00355C32 /* HTTPClient.swift in Sources */ = {isa = PBXBuildFile; fileRef = B8A043E32A4826CA00355C32 /* HTTPClient.swift */; };
		B8A043E62A48272B00355C32 /* FeedItemsMapper.swift in Sources */ = {isa = PBXBuildFile; fileRef = B8A043E52A48272B00355C32 /* FeedItemsMapper.swift */; };
		B8A043E92A483F3F00355C32 /* URLSessionHTTPClientTests.swift in Sources */ = {isa = PBXBuildFile; fileRef = B8A043E82A483F3F00355C32 /* URLSessionHTTPClientTests.swift */; };
		B8A043EC2A48751B00355C32 /* XCTestCase+MemoryLeakTracking.swift in Sources */ = {isa = PBXBuildFile; fileRef = B8A043EB2A48751B00355C32 /* XCTestCase+MemoryLeakTracking.swift */; };
		B8A043EE2A487E8500355C32 /* URLSessionHTTPClient.swift in Sources */ = {isa = PBXBuildFile; fileRef = B8A043ED2A487E8500355C32 /* URLSessionHTTPClient.swift */; };
		B8AA05A72A5C410700246DF4 /* FeedStoreSpecs.swift in Sources */ = {isa = PBXBuildFile; fileRef = B8AA05A62A5C410700246DF4 /* FeedStoreSpecs.swift */; };
		B8AA05A92A5C417100246DF4 /* XCTestCase+FeedStoreSpecs.swift in Sources */ = {isa = PBXBuildFile; fileRef = B8AA05A82A5C417100246DF4 /* XCTestCase+FeedStoreSpecs.swift */; };
		B8AA0CC32A4F11A1000A7F5A /* EssentialFeedAPIEndToEndTests.swift in Sources */ = {isa = PBXBuildFile; fileRef = B8AA0CC22A4F11A1000A7F5A /* EssentialFeedAPIEndToEndTests.swift */; };
		B8AA0CC42A4F11A1000A7F5A /* EssentialFeed.framework in Frameworks */ = {isa = PBXBuildFile; fileRef = B8A043C12A46F08D00355C32 /* EssentialFeed.framework */; };
		B8AA0CCA2A4F13C3000A7F5A /* XCTestCase+MemoryLeakTracking.swift in Sources */ = {isa = PBXBuildFile; fileRef = B8A043EB2A48751B00355C32 /* XCTestCase+MemoryLeakTracking.swift */; };
		B8CE638C2A828290006E0BCC /* EssentialFeed.framework in Frameworks */ = {isa = PBXBuildFile; fileRef = B8A043C12A46F08D00355C32 /* EssentialFeed.framework */; platformFilter = ios; };
		B8CE638D2A828290006E0BCC /* EssentialFeed.framework in Embed Frameworks */ = {isa = PBXBuildFile; fileRef = B8A043C12A46F08D00355C32 /* EssentialFeed.framework */; platformFilter = ios; settings = {ATTRIBUTES = (CodeSignOnCopy, RemoveHeadersOnCopy, ); }; };
		B8CE63912A828350006E0BCC /* XCTestCase+MemoryLeakTracking.swift in Sources */ = {isa = PBXBuildFile; fileRef = B8A043EB2A48751B00355C32 /* XCTestCase+MemoryLeakTracking.swift */; };
		B8CE63932A828B4E006E0BCC /* FeedViewController.swift in Sources */ = {isa = PBXBuildFile; fileRef = B8CE63922A828B4E006E0BCC /* FeedViewController.swift */; };
		B8CE63952A84B09D006E0BCC /* FeedImageCell.swift in Sources */ = {isa = PBXBuildFile; fileRef = B8CE63942A84B09D006E0BCC /* FeedImageCell.swift */; };
		B8CE63972A84B860006E0BCC /* UIView+Shimmering.swift in Sources */ = {isa = PBXBuildFile; fileRef = B8CE63962A84B860006E0BCC /* UIView+Shimmering.swift */; };
		B8CE639A2A84C438006E0BCC /* UIImage+TestHelpers.swift in Sources */ = {isa = PBXBuildFile; fileRef = B8CE63992A84C438006E0BCC /* UIImage+TestHelpers.swift */; };
		B8CE639C2A84C492006E0BCC /* UIRefreshControl+TestHelpers.swift in Sources */ = {isa = PBXBuildFile; fileRef = B8CE639B2A84C492006E0BCC /* UIRefreshControl+TestHelpers.swift */; };
		B8CE639E2A84C4C7006E0BCC /* UIButton+TestHelpers.swift in Sources */ = {isa = PBXBuildFile; fileRef = B8CE639D2A84C4C7006E0BCC /* UIButton+TestHelpers.swift */; };
		B8CE63A02A84C50F006E0BCC /* UIControl+TestHelpers.swift in Sources */ = {isa = PBXBuildFile; fileRef = B8CE639F2A84C50F006E0BCC /* UIControl+TestHelpers.swift */; };
		B8EDF3B92A821A3800CB3614 /* EssentialFeediOS.framework in Frameworks */ = {isa = PBXBuildFile; fileRef = B8EDF3B12A821A3800CB3614 /* EssentialFeediOS.framework */; };
		B8EDF3CB2A822E3300CB3614 /* FeedViewControllerTests.swift in Sources */ = {isa = PBXBuildFile; fileRef = B8EDF3CA2A822E3300CB3614 /* FeedViewControllerTests.swift */; };
		B8F540B32A5C432800CFA6AA /* XCTestCase+FailableRetrieveFeedStoreSpecs.swift in Sources */ = {isa = PBXBuildFile; fileRef = B8F540B22A5C432800CFA6AA /* XCTestCase+FailableRetrieveFeedStoreSpecs.swift */; };
		B8F540B52A5C43C100CFA6AA /* XCTestCase+FailableInsertFeedStoreSpecs.swift in Sources */ = {isa = PBXBuildFile; fileRef = B8F540B42A5C43C100CFA6AA /* XCTestCase+FailableInsertFeedStoreSpecs.swift */; };
		B8F540B72A5C441E00CFA6AA /* XCTestCase+FailableDeleteFeedStoreSpecs.swift in Sources */ = {isa = PBXBuildFile; fileRef = B8F540B62A5C441D00CFA6AA /* XCTestCase+FailableDeleteFeedStoreSpecs.swift */; };
/* End PBXBuildFile section */

/* Begin PBXContainerItemProxy section */
		B8138EA12A7B878E00870FF0 /* PBXContainerItemProxy */ = {
			isa = PBXContainerItemProxy;
			containerPortal = B8A043B82A46F08D00355C32 /* Project object */;
			proxyType = 1;
			remoteGlobalIDString = B8A043C02A46F08D00355C32;
			remoteInfo = EssentialFeed;
		};
		B8A043CB2A46F08D00355C32 /* PBXContainerItemProxy */ = {
			isa = PBXContainerItemProxy;
			containerPortal = B8A043B82A46F08D00355C32 /* Project object */;
			proxyType = 1;
			remoteGlobalIDString = B8A043C02A46F08D00355C32;
			remoteInfo = EssentialFeed;
		};
		B8AA0CC52A4F11A1000A7F5A /* PBXContainerItemProxy */ = {
			isa = PBXContainerItemProxy;
			containerPortal = B8A043B82A46F08D00355C32 /* Project object */;
			proxyType = 1;
			remoteGlobalIDString = B8A043C02A46F08D00355C32;
			remoteInfo = EssentialFeed;
		};
		B8CE638E2A828290006E0BCC /* PBXContainerItemProxy */ = {
			isa = PBXContainerItemProxy;
			containerPortal = B8A043B82A46F08D00355C32 /* Project object */;
			proxyType = 1;
			remoteGlobalIDString = B8A043C02A46F08D00355C32;
			remoteInfo = EssentialFeed;
		};
		B8EDF3BA2A821A3800CB3614 /* PBXContainerItemProxy */ = {
			isa = PBXContainerItemProxy;
			containerPortal = B8A043B82A46F08D00355C32 /* Project object */;
			proxyType = 1;
			remoteGlobalIDString = B8EDF3B02A821A3800CB3614;
			remoteInfo = EssentialFeediOS;
		};
/* End PBXContainerItemProxy section */

/* Begin PBXCopyFilesBuildPhase section */
		B8CE63902A828290006E0BCC /* Embed Frameworks */ = {
			isa = PBXCopyFilesBuildPhase;
			buildActionMask = 2147483647;
			dstPath = "";
			dstSubfolderSpec = 10;
			files = (
				B8CE638D2A828290006E0BCC /* EssentialFeed.framework in Embed Frameworks */,
			);
			name = "Embed Frameworks";
			runOnlyForDeploymentPostprocessing = 0;
		};
/* End PBXCopyFilesBuildPhase section */

/* Begin PBXFileReference section */
		B8138E882A7B60A800870FF0 /* CoreDataFeedStoreTests.swift */ = {isa = PBXFileReference; lastKnownFileType = sourcecode.swift; path = CoreDataFeedStoreTests.swift; sourceTree = "<group>"; };
		B8138E8A2A7B633500870FF0 /* CoreDataFeedStore.swift */ = {isa = PBXFileReference; lastKnownFileType = sourcecode.swift; path = CoreDataFeedStore.swift; sourceTree = "<group>"; };
		B8138E8D2A7B673400870FF0 /* FeedStore.xcdatamodel */ = {isa = PBXFileReference; lastKnownFileType = wrapper.xcdatamodel; path = FeedStore.xcdatamodel; sourceTree = "<group>"; };
		B8138E922A7B764700870FF0 /* CoreDataHelpers.swift */ = {isa = PBXFileReference; lastKnownFileType = sourcecode.swift; path = CoreDataHelpers.swift; sourceTree = "<group>"; };
		B8138E942A7B769A00870FF0 /* ManagedCache.swift */ = {isa = PBXFileReference; lastKnownFileType = sourcecode.swift; path = ManagedCache.swift; sourceTree = "<group>"; };
		B8138E962A7B76C500870FF0 /* ManagedFeedImage.swift */ = {isa = PBXFileReference; lastKnownFileType = sourcecode.swift; path = ManagedFeedImage.swift; sourceTree = "<group>"; };
		B8138E9C2A7B878E00870FF0 /* EssentialFeedCacheIntegrationTests.xctest */ = {isa = PBXFileReference; explicitFileType = wrapper.cfbundle; includeInIndex = 0; path = EssentialFeedCacheIntegrationTests.xctest; sourceTree = BUILT_PRODUCTS_DIR; };
		B8138E9E2A7B878E00870FF0 /* EssentialFeedCacheIntegrationTests.swift */ = {isa = PBXFileReference; lastKnownFileType = sourcecode.swift; path = EssentialFeedCacheIntegrationTests.swift; sourceTree = "<group>"; };
		B8138EA62A7B883300870FF0 /* EssentialFeedCacheIntegrationTests.xctestplan */ = {isa = PBXFileReference; lastKnownFileType = text; path = EssentialFeedCacheIntegrationTests.xctestplan; sourceTree = SOURCE_ROOT; };
		B84D497D2A59B26700C60051 /* LoadFeedFromCacheUseCaseTests.swift */ = {isa = PBXFileReference; lastKnownFileType = sourcecode.swift; path = LoadFeedFromCacheUseCaseTests.swift; sourceTree = "<group>"; };
		B84D49802A59B2B400C60051 /* FeedStoreSpy.swift */ = {isa = PBXFileReference; lastKnownFileType = sourcecode.swift; path = FeedStoreSpy.swift; sourceTree = "<group>"; };
		B84D49822A59C6CC00C60051 /* ValidateFeedCacheUseCaseTests.swift */ = {isa = PBXFileReference; lastKnownFileType = sourcecode.swift; path = ValidateFeedCacheUseCaseTests.swift; sourceTree = "<group>"; };
		B84D49842A59C7ED00C60051 /* FeedCacheTestHelpers.swift */ = {isa = PBXFileReference; lastKnownFileType = sourcecode.swift; path = FeedCacheTestHelpers.swift; sourceTree = "<group>"; };
		B84D49862A59C80E00C60051 /* SharedTestHelpers.swift */ = {isa = PBXFileReference; lastKnownFileType = sourcecode.swift; path = SharedTestHelpers.swift; sourceTree = "<group>"; };
		B84D49882A5A974300C60051 /* FeedCachePolicy.swift */ = {isa = PBXFileReference; lastKnownFileType = sourcecode.swift; path = FeedCachePolicy.swift; sourceTree = "<group>"; };
		B860A0BB2A4FF97C002E7294 /* EssentialFeed.xctestplan */ = {isa = PBXFileReference; lastKnownFileType = text; path = EssentialFeed.xctestplan; sourceTree = "<group>"; };
		B860A0BD2A51B8D8002E7294 /* CacheFeedUseCaseTests.swift */ = {isa = PBXFileReference; lastKnownFileType = sourcecode.swift; path = CacheFeedUseCaseTests.swift; sourceTree = "<group>"; };
		B860A0C02A585F11002E7294 /* LocalFeedLoader.swift */ = {isa = PBXFileReference; lastKnownFileType = sourcecode.swift; path = LocalFeedLoader.swift; sourceTree = "<group>"; };
		B860A0C22A585F66002E7294 /* FeedStore.swift */ = {isa = PBXFileReference; lastKnownFileType = sourcecode.swift; path = FeedStore.swift; sourceTree = "<group>"; };
		B860A0C42A59A011002E7294 /* RemoteFeedItem.swift */ = {isa = PBXFileReference; lastKnownFileType = sourcecode.swift; path = RemoteFeedItem.swift; sourceTree = "<group>"; };
		B860A0C62A59A055002E7294 /* LocalFeedImage.swift */ = {isa = PBXFileReference; lastKnownFileType = sourcecode.swift; path = LocalFeedImage.swift; sourceTree = "<group>"; };
		B8A043C12A46F08D00355C32 /* EssentialFeed.framework */ = {isa = PBXFileReference; explicitFileType = wrapper.framework; includeInIndex = 0; path = EssentialFeed.framework; sourceTree = BUILT_PRODUCTS_DIR; };
		B8A043C42A46F08D00355C32 /* EssentialFeed.h */ = {isa = PBXFileReference; lastKnownFileType = sourcecode.c.h; path = EssentialFeed.h; sourceTree = "<group>"; };
		B8A043C92A46F08D00355C32 /* EssentialFeedTests.xctest */ = {isa = PBXFileReference; explicitFileType = wrapper.cfbundle; includeInIndex = 0; path = EssentialFeedTests.xctest; sourceTree = BUILT_PRODUCTS_DIR; };
		B8A043D92A46F0DB00355C32 /* FeedImage.swift */ = {isa = PBXFileReference; lastKnownFileType = sourcecode.swift; path = FeedImage.swift; sourceTree = "<group>"; };
		B8A043DB2A46F23500355C32 /* FeedLoader.swift */ = {isa = PBXFileReference; lastKnownFileType = sourcecode.swift; path = FeedLoader.swift; sourceTree = "<group>"; };
		B8A043DE2A46F40300355C32 /* LoadFeedFromRemoteUseCaseTests.swift */ = {isa = PBXFileReference; lastKnownFileType = sourcecode.swift; path = LoadFeedFromRemoteUseCaseTests.swift; sourceTree = "<group>"; };
		B8A043E12A470FA600355C32 /* RemoteFeedLoader.swift */ = {isa = PBXFileReference; lastKnownFileType = sourcecode.swift; path = RemoteFeedLoader.swift; sourceTree = "<group>"; };
		B8A043E32A4826CA00355C32 /* HTTPClient.swift */ = {isa = PBXFileReference; lastKnownFileType = sourcecode.swift; path = HTTPClient.swift; sourceTree = "<group>"; };
		B8A043E52A48272B00355C32 /* FeedItemsMapper.swift */ = {isa = PBXFileReference; lastKnownFileType = sourcecode.swift; path = FeedItemsMapper.swift; sourceTree = "<group>"; };
		B8A043E82A483F3F00355C32 /* URLSessionHTTPClientTests.swift */ = {isa = PBXFileReference; lastKnownFileType = sourcecode.swift; path = URLSessionHTTPClientTests.swift; sourceTree = "<group>"; };
		B8A043EB2A48751B00355C32 /* XCTestCase+MemoryLeakTracking.swift */ = {isa = PBXFileReference; lastKnownFileType = sourcecode.swift; path = "XCTestCase+MemoryLeakTracking.swift"; sourceTree = "<group>"; };
		B8A043ED2A487E8500355C32 /* URLSessionHTTPClient.swift */ = {isa = PBXFileReference; lastKnownFileType = sourcecode.swift; path = URLSessionHTTPClient.swift; sourceTree = "<group>"; };
		B8AA05A62A5C410700246DF4 /* FeedStoreSpecs.swift */ = {isa = PBXFileReference; lastKnownFileType = sourcecode.swift; path = FeedStoreSpecs.swift; sourceTree = "<group>"; };
		B8AA05A82A5C417100246DF4 /* XCTestCase+FeedStoreSpecs.swift */ = {isa = PBXFileReference; lastKnownFileType = sourcecode.swift; path = "XCTestCase+FeedStoreSpecs.swift"; sourceTree = "<group>"; };
		B8AA0CC02A4F11A0000A7F5A /* EssentialFeedAPIEndToEndTests.xctest */ = {isa = PBXFileReference; explicitFileType = wrapper.cfbundle; includeInIndex = 0; path = EssentialFeedAPIEndToEndTests.xctest; sourceTree = BUILT_PRODUCTS_DIR; };
		B8AA0CC22A4F11A1000A7F5A /* EssentialFeedAPIEndToEndTests.swift */ = {isa = PBXFileReference; lastKnownFileType = sourcecode.swift; path = EssentialFeedAPIEndToEndTests.swift; sourceTree = "<group>"; };
		B8AA0CDB2A4F1EE4000A7F5A /* CI_macOS.xctestplan */ = {isa = PBXFileReference; lastKnownFileType = text; path = CI_macOS.xctestplan; sourceTree = SOURCE_ROOT; };
		B8CE63922A828B4E006E0BCC /* FeedViewController.swift */ = {isa = PBXFileReference; lastKnownFileType = sourcecode.swift; path = FeedViewController.swift; sourceTree = "<group>"; };
		B8CE63942A84B09D006E0BCC /* FeedImageCell.swift */ = {isa = PBXFileReference; lastKnownFileType = sourcecode.swift; path = FeedImageCell.swift; sourceTree = "<group>"; };
		B8CE63962A84B860006E0BCC /* UIView+Shimmering.swift */ = {isa = PBXFileReference; lastKnownFileType = sourcecode.swift; path = "UIView+Shimmering.swift"; sourceTree = "<group>"; };
		B8CE63992A84C438006E0BCC /* UIImage+TestHelpers.swift */ = {isa = PBXFileReference; lastKnownFileType = sourcecode.swift; path = "UIImage+TestHelpers.swift"; sourceTree = "<group>"; };
		B8CE639B2A84C492006E0BCC /* UIRefreshControl+TestHelpers.swift */ = {isa = PBXFileReference; lastKnownFileType = sourcecode.swift; path = "UIRefreshControl+TestHelpers.swift"; sourceTree = "<group>"; };
		B8CE639D2A84C4C7006E0BCC /* UIButton+TestHelpers.swift */ = {isa = PBXFileReference; lastKnownFileType = sourcecode.swift; path = "UIButton+TestHelpers.swift"; sourceTree = "<group>"; };
		B8CE639F2A84C50F006E0BCC /* UIControl+TestHelpers.swift */ = {isa = PBXFileReference; lastKnownFileType = sourcecode.swift; path = "UIControl+TestHelpers.swift"; sourceTree = "<group>"; };
		B8EDF3AB2A820DDB00CB3614 /* EssentialFeedAPIEndToEndTests.xctestplan */ = {isa = PBXFileReference; lastKnownFileType = text; path = EssentialFeedAPIEndToEndTests.xctestplan; sourceTree = SOURCE_ROOT; };
		B8EDF3B12A821A3800CB3614 /* EssentialFeediOS.framework */ = {isa = PBXFileReference; explicitFileType = wrapper.framework; includeInIndex = 0; path = EssentialFeediOS.framework; sourceTree = BUILT_PRODUCTS_DIR; };
		B8EDF3B82A821A3800CB3614 /* EssentialFeediOSTests.xctest */ = {isa = PBXFileReference; explicitFileType = wrapper.cfbundle; includeInIndex = 0; path = EssentialFeediOSTests.xctest; sourceTree = BUILT_PRODUCTS_DIR; };
		B8EDF3C62A8228AF00CB3614 /* EssentialFeediOS.xctestplan */ = {isa = PBXFileReference; lastKnownFileType = text; name = EssentialFeediOS.xctestplan; path = "/Users/peng/Desktop/IOS Development/iOS Essentials/essential-feed-Peng/EssentialFeed/EssentialFeediOS.xctestplan"; sourceTree = "<absolute>"; };
		B8EDF3CA2A822E3300CB3614 /* FeedViewControllerTests.swift */ = {isa = PBXFileReference; lastKnownFileType = sourcecode.swift; path = FeedViewControllerTests.swift; sourceTree = "<group>"; };
		B8EDF3CC2A822EF800CB3614 /* CI_iOS.xctestplan */ = {isa = PBXFileReference; lastKnownFileType = text; path = CI_iOS.xctestplan; sourceTree = "<group>"; };
		B8F540B22A5C432800CFA6AA /* XCTestCase+FailableRetrieveFeedStoreSpecs.swift */ = {isa = PBXFileReference; lastKnownFileType = sourcecode.swift; path = "XCTestCase+FailableRetrieveFeedStoreSpecs.swift"; sourceTree = "<group>"; };
		B8F540B42A5C43C100CFA6AA /* XCTestCase+FailableInsertFeedStoreSpecs.swift */ = {isa = PBXFileReference; lastKnownFileType = sourcecode.swift; path = "XCTestCase+FailableInsertFeedStoreSpecs.swift"; sourceTree = "<group>"; };
		B8F540B62A5C441D00CFA6AA /* XCTestCase+FailableDeleteFeedStoreSpecs.swift */ = {isa = PBXFileReference; lastKnownFileType = sourcecode.swift; path = "XCTestCase+FailableDeleteFeedStoreSpecs.swift"; sourceTree = "<group>"; };
/* End PBXFileReference section */

/* Begin PBXFrameworksBuildPhase section */
		B8138E992A7B878E00870FF0 /* Frameworks */ = {
			isa = PBXFrameworksBuildPhase;
			buildActionMask = 2147483647;
			files = (
				B8138EA02A7B878E00870FF0 /* EssentialFeed.framework in Frameworks */,
			);
			runOnlyForDeploymentPostprocessing = 0;
		};
		B8A043BE2A46F08D00355C32 /* Frameworks */ = {
			isa = PBXFrameworksBuildPhase;
			buildActionMask = 2147483647;
			files = (
			);
			runOnlyForDeploymentPostprocessing = 0;
		};
		B8A043C62A46F08D00355C32 /* Frameworks */ = {
			isa = PBXFrameworksBuildPhase;
			buildActionMask = 2147483647;
			files = (
				B8A043CA2A46F08D00355C32 /* EssentialFeed.framework in Frameworks */,
			);
			runOnlyForDeploymentPostprocessing = 0;
		};
		B8AA0CBD2A4F11A0000A7F5A /* Frameworks */ = {
			isa = PBXFrameworksBuildPhase;
			buildActionMask = 2147483647;
			files = (
				B8AA0CC42A4F11A1000A7F5A /* EssentialFeed.framework in Frameworks */,
			);
			runOnlyForDeploymentPostprocessing = 0;
		};
		B8EDF3AE2A821A3800CB3614 /* Frameworks */ = {
			isa = PBXFrameworksBuildPhase;
			buildActionMask = 2147483647;
			files = (
				B8CE638C2A828290006E0BCC /* EssentialFeed.framework in Frameworks */,
			);
			runOnlyForDeploymentPostprocessing = 0;
		};
		B8EDF3B52A821A3800CB3614 /* Frameworks */ = {
			isa = PBXFrameworksBuildPhase;
			buildActionMask = 2147483647;
			files = (
				B8EDF3B92A821A3800CB3614 /* EssentialFeediOS.framework in Frameworks */,
			);
			runOnlyForDeploymentPostprocessing = 0;
		};
/* End PBXFrameworksBuildPhase section */

/* Begin PBXGroup section */
		B8138E8F2A7B757700870FF0 /* Infrastructure */ = {
			isa = PBXGroup;
			children = (
				B8138E902A7B75EA00870FF0 /* CoreData */,
			);
			path = Infrastructure;
			sourceTree = "<group>";
		};
		B8138E902A7B75EA00870FF0 /* CoreData */ = {
			isa = PBXGroup;
			children = (
				B8138E8C2A7B673400870FF0 /* FeedStore.xcdatamodeld */,
				B8138E922A7B764700870FF0 /* CoreDataHelpers.swift */,
				B8138E8A2A7B633500870FF0 /* CoreDataFeedStore.swift */,
				B8138E942A7B769A00870FF0 /* ManagedCache.swift */,
				B8138E962A7B76C500870FF0 /* ManagedFeedImage.swift */,
			);
			path = CoreData;
			sourceTree = "<group>";
		};
		B8138E9D2A7B878E00870FF0 /* EssentialFeedCacheIntegrationTests */ = {
			isa = PBXGroup;
			children = (
				B8138EA62A7B883300870FF0 /* EssentialFeedCacheIntegrationTests.xctestplan */,
				B8138E9E2A7B878E00870FF0 /* EssentialFeedCacheIntegrationTests.swift */,
			);
			path = EssentialFeedCacheIntegrationTests;
			sourceTree = "<group>";
		};
		B84D497F2A59B2A900C60051 /* Helpers */ = {
			isa = PBXGroup;
			children = (
				B84D49802A59B2B400C60051 /* FeedStoreSpy.swift */,
				B84D49842A59C7ED00C60051 /* FeedCacheTestHelpers.swift */,
			);
			path = Helpers;
			sourceTree = "<group>";
		};
		B860A0BC2A51B8B4002E7294 /* Feed Cache */ = {
			isa = PBXGroup;
			children = (
				B84D497F2A59B2A900C60051 /* Helpers */,
				B8F540B82A5C449E00CFA6AA /* FeedStoreSpecs */,
				B860A0BD2A51B8D8002E7294 /* CacheFeedUseCaseTests.swift */,
				B84D497D2A59B26700C60051 /* LoadFeedFromCacheUseCaseTests.swift */,
				B84D49822A59C6CC00C60051 /* ValidateFeedCacheUseCaseTests.swift */,
				B8138E882A7B60A800870FF0 /* CoreDataFeedStoreTests.swift */,
			);
			path = "Feed Cache";
			sourceTree = "<group>";
		};
		B860A0BF2A585EE0002E7294 /* Feed Cache */ = {
			isa = PBXGroup;
			children = (
				B8138E8F2A7B757700870FF0 /* Infrastructure */,
				B860A0C02A585F11002E7294 /* LocalFeedLoader.swift */,
				B860A0C22A585F66002E7294 /* FeedStore.swift */,
				B860A0C62A59A055002E7294 /* LocalFeedImage.swift */,
				B84D49882A5A974300C60051 /* FeedCachePolicy.swift */,
			);
			path = "Feed Cache";
			sourceTree = "<group>";
		};
		B8A043B72A46F08D00355C32 = {
			isa = PBXGroup;
			children = (
				B8EDF3CC2A822EF800CB3614 /* CI_iOS.xctestplan */,
				B8AA0CDB2A4F1EE4000A7F5A /* CI_macOS.xctestplan */,
				B8A043C32A46F08D00355C32 /* EssentialFeed */,
				B8A043CD2A46F08D00355C32 /* EssentialFeedTests */,
				B8AA0CC12A4F11A1000A7F5A /* EssentialFeedAPIEndToEndTests */,
				B8138E9D2A7B878E00870FF0 /* EssentialFeedCacheIntegrationTests */,
				B8EDF3B22A821A3800CB3614 /* EssentialFeediOS */,
				B8EDF3BC2A821A3900CB3614 /* EssentialFeediOSTests */,
				B8A043C22A46F08D00355C32 /* Products */,
				B8CE638B2A828290006E0BCC /* Frameworks */,
			);
			sourceTree = "<group>";
		};
		B8A043C22A46F08D00355C32 /* Products */ = {
			isa = PBXGroup;
			children = (
				B8A043C12A46F08D00355C32 /* EssentialFeed.framework */,
				B8A043C92A46F08D00355C32 /* EssentialFeedTests.xctest */,
				B8AA0CC02A4F11A0000A7F5A /* EssentialFeedAPIEndToEndTests.xctest */,
				B8138E9C2A7B878E00870FF0 /* EssentialFeedCacheIntegrationTests.xctest */,
				B8EDF3B12A821A3800CB3614 /* EssentialFeediOS.framework */,
				B8EDF3B82A821A3800CB3614 /* EssentialFeediOSTests.xctest */,
			);
			name = Products;
			sourceTree = "<group>";
		};
		B8A043C32A46F08D00355C32 /* EssentialFeed */ = {
			isa = PBXGroup;
			children = (
				B8A043C42A46F08D00355C32 /* EssentialFeed.h */,
				B8A043DD2A46F30600355C32 /* FeedFeature */,
				B8A043E02A470F6800355C32 /* Feed API */,
				B860A0BF2A585EE0002E7294 /* Feed Cache */,
			);
			path = EssentialFeed;
			sourceTree = "<group>";
		};
		B8A043CD2A46F08D00355C32 /* EssentialFeedTests */ = {
			isa = PBXGroup;
			children = (
				B860A0BB2A4FF97C002E7294 /* EssentialFeed.xctestplan */,
				B8A043EA2A4874ED00355C32 /* Helpers */,
				B8A043E72A482FDD00355C32 /* Feed API */,
				B860A0BC2A51B8B4002E7294 /* Feed Cache */,
			);
			path = EssentialFeedTests;
			sourceTree = "<group>";
		};
		B8A043DD2A46F30600355C32 /* FeedFeature */ = {
			isa = PBXGroup;
			children = (
				B8A043D92A46F0DB00355C32 /* FeedImage.swift */,
				B8A043DB2A46F23500355C32 /* FeedLoader.swift */,
			);
			path = FeedFeature;
			sourceTree = "<group>";
		};
		B8A043E02A470F6800355C32 /* Feed API */ = {
			isa = PBXGroup;
			children = (
				B8A043E12A470FA600355C32 /* RemoteFeedLoader.swift */,
				B8A043E32A4826CA00355C32 /* HTTPClient.swift */,
				B860A0C42A59A011002E7294 /* RemoteFeedItem.swift */,
				B8A043E52A48272B00355C32 /* FeedItemsMapper.swift */,
				B8A043ED2A487E8500355C32 /* URLSessionHTTPClient.swift */,
			);
			path = "Feed API";
			sourceTree = "<group>";
		};
		B8A043E72A482FDD00355C32 /* Feed API */ = {
			isa = PBXGroup;
			children = (
				B8A043DE2A46F40300355C32 /* LoadFeedFromRemoteUseCaseTests.swift */,
				B8A043E82A483F3F00355C32 /* URLSessionHTTPClientTests.swift */,
			);
			path = "Feed API";
			sourceTree = "<group>";
		};
		B8A043EA2A4874ED00355C32 /* Helpers */ = {
			isa = PBXGroup;
			children = (
				B8A043EB2A48751B00355C32 /* XCTestCase+MemoryLeakTracking.swift */,
				B84D49862A59C80E00C60051 /* SharedTestHelpers.swift */,
			);
			path = Helpers;
			sourceTree = "<group>";
		};
		B8AA0CC12A4F11A1000A7F5A /* EssentialFeedAPIEndToEndTests */ = {
			isa = PBXGroup;
			children = (
				B8EDF3AB2A820DDB00CB3614 /* EssentialFeedAPIEndToEndTests.xctestplan */,
				B8AA0CC22A4F11A1000A7F5A /* EssentialFeedAPIEndToEndTests.swift */,
			);
			path = EssentialFeedAPIEndToEndTests;
			sourceTree = "<group>";
		};
		B8CE638B2A828290006E0BCC /* Frameworks */ = {
			isa = PBXGroup;
			children = (
			);
			name = Frameworks;
			sourceTree = "<group>";
		};
		B8CE63982A84C426006E0BCC /* Helpers */ = {
			isa = PBXGroup;
			children = (
				B8CE63992A84C438006E0BCC /* UIImage+TestHelpers.swift */,
				B8CE639B2A84C492006E0BCC /* UIRefreshControl+TestHelpers.swift */,
				B8CE639D2A84C4C7006E0BCC /* UIButton+TestHelpers.swift */,
				B8CE639F2A84C50F006E0BCC /* UIControl+TestHelpers.swift */,
			);
			path = Helpers;
			sourceTree = "<group>";
		};
		B8EDF3B22A821A3800CB3614 /* EssentialFeediOS */ = {
			isa = PBXGroup;
			children = (
				B8CE63922A828B4E006E0BCC /* FeedViewController.swift */,
				B8CE63942A84B09D006E0BCC /* FeedImageCell.swift */,
				B8CE63962A84B860006E0BCC /* UIView+Shimmering.swift */,
			);
			path = EssentialFeediOS;
			sourceTree = "<group>";
		};
		B8EDF3BC2A821A3900CB3614 /* EssentialFeediOSTests */ = {
			isa = PBXGroup;
			children = (
				B8EDF3C62A8228AF00CB3614 /* EssentialFeediOS.xctestplan */,
				B8CE63982A84C426006E0BCC /* Helpers */,
				B8EDF3CA2A822E3300CB3614 /* FeedViewControllerTests.swift */,
			);
			path = EssentialFeediOSTests;
			sourceTree = "<group>";
		};
		B8F540B82A5C449E00CFA6AA /* FeedStoreSpecs */ = {
			isa = PBXGroup;
			children = (
				B8AA05A62A5C410700246DF4 /* FeedStoreSpecs.swift */,
				B8AA05A82A5C417100246DF4 /* XCTestCase+FeedStoreSpecs.swift */,
				B8F540B22A5C432800CFA6AA /* XCTestCase+FailableRetrieveFeedStoreSpecs.swift */,
				B8F540B42A5C43C100CFA6AA /* XCTestCase+FailableInsertFeedStoreSpecs.swift */,
				B8F540B62A5C441D00CFA6AA /* XCTestCase+FailableDeleteFeedStoreSpecs.swift */,
			);
			path = FeedStoreSpecs;
			sourceTree = "<group>";
		};
/* End PBXGroup section */

/* Begin PBXHeadersBuildPhase section */
		B8A043BC2A46F08D00355C32 /* Headers */ = {
			isa = PBXHeadersBuildPhase;
			buildActionMask = 2147483647;
			files = (
				B8A043D02A46F08D00355C32 /* EssentialFeed.h in Headers */,
			);
			runOnlyForDeploymentPostprocessing = 0;
		};
		B8EDF3AC2A821A3800CB3614 /* Headers */ = {
			isa = PBXHeadersBuildPhase;
			buildActionMask = 2147483647;
			files = (
			);
			runOnlyForDeploymentPostprocessing = 0;
		};
/* End PBXHeadersBuildPhase section */

/* Begin PBXNativeTarget section */
		B8138E9B2A7B878E00870FF0 /* EssentialFeedCacheIntegrationTests */ = {
			isa = PBXNativeTarget;
			buildConfigurationList = B8138EA32A7B878E00870FF0 /* Build configuration list for PBXNativeTarget "EssentialFeedCacheIntegrationTests" */;
			buildPhases = (
				B8138E982A7B878E00870FF0 /* Sources */,
				B8138E992A7B878E00870FF0 /* Frameworks */,
				B8138E9A2A7B878E00870FF0 /* Resources */,
			);
			buildRules = (
			);
			dependencies = (
				B8138EA22A7B878E00870FF0 /* PBXTargetDependency */,
			);
			name = EssentialFeedCacheIntegrationTests;
			productName = EssentialFeedCacheIntegrationTests;
			productReference = B8138E9C2A7B878E00870FF0 /* EssentialFeedCacheIntegrationTests.xctest */;
			productType = "com.apple.product-type.bundle.unit-test";
		};
		B8A043C02A46F08D00355C32 /* EssentialFeed */ = {
			isa = PBXNativeTarget;
			buildConfigurationList = B8A043D32A46F08D00355C32 /* Build configuration list for PBXNativeTarget "EssentialFeed" */;
			buildPhases = (
				B8A043BC2A46F08D00355C32 /* Headers */,
				B8A043BD2A46F08D00355C32 /* Sources */,
				B8A043BE2A46F08D00355C32 /* Frameworks */,
				B8A043BF2A46F08D00355C32 /* Resources */,
			);
			buildRules = (
			);
			dependencies = (
			);
			name = EssentialFeed;
			productName = EssentialFeed;
			productReference = B8A043C12A46F08D00355C32 /* EssentialFeed.framework */;
			productType = "com.apple.product-type.framework";
		};
		B8A043C82A46F08D00355C32 /* EssentialFeedTests */ = {
			isa = PBXNativeTarget;
			buildConfigurationList = B8A043D62A46F08D00355C32 /* Build configuration list for PBXNativeTarget "EssentialFeedTests" */;
			buildPhases = (
				B8A043C52A46F08D00355C32 /* Sources */,
				B8A043C62A46F08D00355C32 /* Frameworks */,
				B8A043C72A46F08D00355C32 /* Resources */,
			);
			buildRules = (
			);
			dependencies = (
				B8A043CC2A46F08D00355C32 /* PBXTargetDependency */,
			);
			name = EssentialFeedTests;
			productName = EssentialFeedTests;
			productReference = B8A043C92A46F08D00355C32 /* EssentialFeedTests.xctest */;
			productType = "com.apple.product-type.bundle.unit-test";
		};
		B8AA0CBF2A4F11A0000A7F5A /* EssentialFeedAPIEndToEndTests */ = {
			isa = PBXNativeTarget;
			buildConfigurationList = B8AA0CC92A4F11A1000A7F5A /* Build configuration list for PBXNativeTarget "EssentialFeedAPIEndToEndTests" */;
			buildPhases = (
				B8AA0CBC2A4F11A0000A7F5A /* Sources */,
				B8AA0CBD2A4F11A0000A7F5A /* Frameworks */,
				B8AA0CBE2A4F11A0000A7F5A /* Resources */,
			);
			buildRules = (
			);
			dependencies = (
				B8AA0CC62A4F11A1000A7F5A /* PBXTargetDependency */,
			);
			name = EssentialFeedAPIEndToEndTests;
			productName = EssentialFeedAPIEndToEndTests;
			productReference = B8AA0CC02A4F11A0000A7F5A /* EssentialFeedAPIEndToEndTests.xctest */;
			productType = "com.apple.product-type.bundle.unit-test";
		};
		B8EDF3B02A821A3800CB3614 /* EssentialFeediOS */ = {
			isa = PBXNativeTarget;
			buildConfigurationList = B8EDF3C02A821A3900CB3614 /* Build configuration list for PBXNativeTarget "EssentialFeediOS" */;
			buildPhases = (
				B8EDF3AC2A821A3800CB3614 /* Headers */,
				B8EDF3AD2A821A3800CB3614 /* Sources */,
				B8EDF3AE2A821A3800CB3614 /* Frameworks */,
				B8EDF3AF2A821A3800CB3614 /* Resources */,
				B8CE63902A828290006E0BCC /* Embed Frameworks */,
			);
			buildRules = (
			);
			dependencies = (
				B8CE638F2A828290006E0BCC /* PBXTargetDependency */,
			);
			name = EssentialFeediOS;
			productName = EssentialFeediOS;
			productReference = B8EDF3B12A821A3800CB3614 /* EssentialFeediOS.framework */;
			productType = "com.apple.product-type.framework";
		};
		B8EDF3B72A821A3800CB3614 /* EssentialFeediOSTests */ = {
			isa = PBXNativeTarget;
			buildConfigurationList = B8EDF3C32A821A3900CB3614 /* Build configuration list for PBXNativeTarget "EssentialFeediOSTests" */;
			buildPhases = (
				B8EDF3B42A821A3800CB3614 /* Sources */,
				B8EDF3B52A821A3800CB3614 /* Frameworks */,
				B8EDF3B62A821A3800CB3614 /* Resources */,
			);
			buildRules = (
			);
			dependencies = (
				B8EDF3BB2A821A3800CB3614 /* PBXTargetDependency */,
			);
			name = EssentialFeediOSTests;
			productName = EssentialFeediOSTests;
			productReference = B8EDF3B82A821A3800CB3614 /* EssentialFeediOSTests.xctest */;
			productType = "com.apple.product-type.bundle.unit-test";
		};
/* End PBXNativeTarget section */

/* Begin PBXProject section */
		B8A043B82A46F08D00355C32 /* Project object */ = {
			isa = PBXProject;
			attributes = {
				BuildIndependentTargetsInParallel = 1;
				LastSwiftUpdateCheck = 1430;
				LastUpgradeCheck = 1430;
				TargetAttributes = {
					B8138E9B2A7B878E00870FF0 = {
						CreatedOnToolsVersion = 14.3.1;
					};
					B8A043C02A46F08D00355C32 = {
						CreatedOnToolsVersion = 14.3.1;
						LastSwiftMigration = 1430;
					};
					B8A043C82A46F08D00355C32 = {
						CreatedOnToolsVersion = 14.3.1;
					};
					B8AA0CBF2A4F11A0000A7F5A = {
						CreatedOnToolsVersion = 14.3.1;
					};
					B8EDF3B02A821A3800CB3614 = {
						CreatedOnToolsVersion = 14.3.1;
						LastSwiftMigration = 1430;
					};
					B8EDF3B72A821A3800CB3614 = {
						CreatedOnToolsVersion = 14.3.1;
						LastSwiftMigration = 1430;
					};
				};
			};
			buildConfigurationList = B8A043BB2A46F08D00355C32 /* Build configuration list for PBXProject "EssentialFeed" */;
			compatibilityVersion = "Xcode 14.0";
			developmentRegion = en;
			hasScannedForEncodings = 0;
			knownRegions = (
				en,
				Base,
			);
			mainGroup = B8A043B72A46F08D00355C32;
			productRefGroup = B8A043C22A46F08D00355C32 /* Products */;
			projectDirPath = "";
			projectRoot = "";
			targets = (
				B8A043C02A46F08D00355C32 /* EssentialFeed */,
				B8A043C82A46F08D00355C32 /* EssentialFeedTests */,
				B8AA0CBF2A4F11A0000A7F5A /* EssentialFeedAPIEndToEndTests */,
				B8138E9B2A7B878E00870FF0 /* EssentialFeedCacheIntegrationTests */,
				B8EDF3B02A821A3800CB3614 /* EssentialFeediOS */,
				B8EDF3B72A821A3800CB3614 /* EssentialFeediOSTests */,
			);
		};
/* End PBXProject section */

/* Begin PBXResourcesBuildPhase section */
		B8138E9A2A7B878E00870FF0 /* Resources */ = {
			isa = PBXResourcesBuildPhase;
			buildActionMask = 2147483647;
			files = (
			);
			runOnlyForDeploymentPostprocessing = 0;
		};
		B8A043BF2A46F08D00355C32 /* Resources */ = {
			isa = PBXResourcesBuildPhase;
			buildActionMask = 2147483647;
			files = (
			);
			runOnlyForDeploymentPostprocessing = 0;
		};
		B8A043C72A46F08D00355C32 /* Resources */ = {
			isa = PBXResourcesBuildPhase;
			buildActionMask = 2147483647;
			files = (
			);
			runOnlyForDeploymentPostprocessing = 0;
		};
		B8AA0CBE2A4F11A0000A7F5A /* Resources */ = {
			isa = PBXResourcesBuildPhase;
			buildActionMask = 2147483647;
			files = (
			);
			runOnlyForDeploymentPostprocessing = 0;
		};
		B8EDF3AF2A821A3800CB3614 /* Resources */ = {
			isa = PBXResourcesBuildPhase;
			buildActionMask = 2147483647;
			files = (
			);
			runOnlyForDeploymentPostprocessing = 0;
		};
		B8EDF3B62A821A3800CB3614 /* Resources */ = {
			isa = PBXResourcesBuildPhase;
			buildActionMask = 2147483647;
			files = (
			);
			runOnlyForDeploymentPostprocessing = 0;
		};
/* End PBXResourcesBuildPhase section */

/* Begin PBXSourcesBuildPhase section */
		B8138E982A7B878E00870FF0 /* Sources */ = {
			isa = PBXSourcesBuildPhase;
			buildActionMask = 2147483647;
			files = (
				B8138EA92A7B8A7B00870FF0 /* FeedCacheTestHelpers.swift in Sources */,
				B8138E9F2A7B878E00870FF0 /* EssentialFeedCacheIntegrationTests.swift in Sources */,
				B8138EA72A7B89D500870FF0 /* XCTestCase+MemoryLeakTracking.swift in Sources */,
				B8138EA82A7B8A6B00870FF0 /* SharedTestHelpers.swift in Sources */,
			);
			runOnlyForDeploymentPostprocessing = 0;
		};
		B8A043BD2A46F08D00355C32 /* Sources */ = {
			isa = PBXSourcesBuildPhase;
			buildActionMask = 2147483647;
			files = (
				B8138E932A7B764700870FF0 /* CoreDataHelpers.swift in Sources */,
				B8A043E62A48272B00355C32 /* FeedItemsMapper.swift in Sources */,
				B8A043DC2A46F23500355C32 /* FeedLoader.swift in Sources */,
				B860A0C52A59A011002E7294 /* RemoteFeedItem.swift in Sources */,
				B84D49892A5A974300C60051 /* FeedCachePolicy.swift in Sources */,
				B8A043E22A470FA600355C32 /* RemoteFeedLoader.swift in Sources */,
				B8138E8E2A7B673400870FF0 /* FeedStore.xcdatamodeld in Sources */,
				B860A0C72A59A055002E7294 /* LocalFeedImage.swift in Sources */,
				B860A0C32A585F66002E7294 /* FeedStore.swift in Sources */,
				B860A0C12A585F11002E7294 /* LocalFeedLoader.swift in Sources */,
				B8A043E42A4826CA00355C32 /* HTTPClient.swift in Sources */,
				B8A043DA2A46F0DB00355C32 /* FeedImage.swift in Sources */,
				B8A043EE2A487E8500355C32 /* URLSessionHTTPClient.swift in Sources */,
				B8138E952A7B769A00870FF0 /* ManagedCache.swift in Sources */,
				B8138E8B2A7B633500870FF0 /* CoreDataFeedStore.swift in Sources */,
				B8138E972A7B76C500870FF0 /* ManagedFeedImage.swift in Sources */,
			);
			runOnlyForDeploymentPostprocessing = 0;
		};
		B8A043C52A46F08D00355C32 /* Sources */ = {
			isa = PBXSourcesBuildPhase;
			buildActionMask = 2147483647;
			files = (
				B84D49852A59C7ED00C60051 /* FeedCacheTestHelpers.swift in Sources */,
				B84D49832A59C6CC00C60051 /* ValidateFeedCacheUseCaseTests.swift in Sources */,
				B8A043DF2A46F40300355C32 /* LoadFeedFromRemoteUseCaseTests.swift in Sources */,
				B8F540B52A5C43C100CFA6AA /* XCTestCase+FailableInsertFeedStoreSpecs.swift in Sources */,
				B8A043E92A483F3F00355C32 /* URLSessionHTTPClientTests.swift in Sources */,
				B84D49812A59B2B400C60051 /* FeedStoreSpy.swift in Sources */,
				B84D49872A59C80E00C60051 /* SharedTestHelpers.swift in Sources */,
				B860A0BE2A51B8D8002E7294 /* CacheFeedUseCaseTests.swift in Sources */,
				B8F540B72A5C441E00CFA6AA /* XCTestCase+FailableDeleteFeedStoreSpecs.swift in Sources */,
				B8F540B32A5C432800CFA6AA /* XCTestCase+FailableRetrieveFeedStoreSpecs.swift in Sources */,
				B84D497E2A59B26700C60051 /* LoadFeedFromCacheUseCaseTests.swift in Sources */,
				B8AA05A72A5C410700246DF4 /* FeedStoreSpecs.swift in Sources */,
				B8A043EC2A48751B00355C32 /* XCTestCase+MemoryLeakTracking.swift in Sources */,
				B8138E892A7B60A800870FF0 /* CoreDataFeedStoreTests.swift in Sources */,
				B8AA05A92A5C417100246DF4 /* XCTestCase+FeedStoreSpecs.swift in Sources */,
			);
			runOnlyForDeploymentPostprocessing = 0;
		};
		B8AA0CBC2A4F11A0000A7F5A /* Sources */ = {
			isa = PBXSourcesBuildPhase;
			buildActionMask = 2147483647;
			files = (
				B8AA0CC32A4F11A1000A7F5A /* EssentialFeedAPIEndToEndTests.swift in Sources */,
				B8AA0CCA2A4F13C3000A7F5A /* XCTestCase+MemoryLeakTracking.swift in Sources */,
			);
			runOnlyForDeploymentPostprocessing = 0;
		};
		B8EDF3AD2A821A3800CB3614 /* Sources */ = {
			isa = PBXSourcesBuildPhase;
			buildActionMask = 2147483647;
			files = (
				B8CE63972A84B860006E0BCC /* UIView+Shimmering.swift in Sources */,
				B8CE63932A828B4E006E0BCC /* FeedViewController.swift in Sources */,
				B8CE63952A84B09D006E0BCC /* FeedImageCell.swift in Sources */,
			);
			runOnlyForDeploymentPostprocessing = 0;
		};
		B8EDF3B42A821A3800CB3614 /* Sources */ = {
			isa = PBXSourcesBuildPhase;
			buildActionMask = 2147483647;
			files = (
				B8EDF3CB2A822E3300CB3614 /* FeedViewControllerTests.swift in Sources */,
				B8CE639E2A84C4C7006E0BCC /* UIButton+TestHelpers.swift in Sources */,
				B8CE639C2A84C492006E0BCC /* UIRefreshControl+TestHelpers.swift in Sources */,
				B8CE63A02A84C50F006E0BCC /* UIControl+TestHelpers.swift in Sources */,
				B8CE63912A828350006E0BCC /* XCTestCase+MemoryLeakTracking.swift in Sources */,
				B8CE639A2A84C438006E0BCC /* UIImage+TestHelpers.swift in Sources */,
			);
			runOnlyForDeploymentPostprocessing = 0;
		};
/* End PBXSourcesBuildPhase section */

/* Begin PBXTargetDependency section */
		B8138EA22A7B878E00870FF0 /* PBXTargetDependency */ = {
			isa = PBXTargetDependency;
			target = B8A043C02A46F08D00355C32 /* EssentialFeed */;
			targetProxy = B8138EA12A7B878E00870FF0 /* PBXContainerItemProxy */;
		};
		B8A043CC2A46F08D00355C32 /* PBXTargetDependency */ = {
			isa = PBXTargetDependency;
			target = B8A043C02A46F08D00355C32 /* EssentialFeed */;
			targetProxy = B8A043CB2A46F08D00355C32 /* PBXContainerItemProxy */;
		};
		B8AA0CC62A4F11A1000A7F5A /* PBXTargetDependency */ = {
			isa = PBXTargetDependency;
			target = B8A043C02A46F08D00355C32 /* EssentialFeed */;
			targetProxy = B8AA0CC52A4F11A1000A7F5A /* PBXContainerItemProxy */;
		};
		B8CE638F2A828290006E0BCC /* PBXTargetDependency */ = {
			isa = PBXTargetDependency;
			platformFilter = ios;
			target = B8A043C02A46F08D00355C32 /* EssentialFeed */;
			targetProxy = B8CE638E2A828290006E0BCC /* PBXContainerItemProxy */;
		};
		B8EDF3BB2A821A3800CB3614 /* PBXTargetDependency */ = {
			isa = PBXTargetDependency;
			target = B8EDF3B02A821A3800CB3614 /* EssentialFeediOS */;
			targetProxy = B8EDF3BA2A821A3800CB3614 /* PBXContainerItemProxy */;
		};
/* End PBXTargetDependency section */

/* Begin XCBuildConfiguration section */
		B8138EA42A7B878E00870FF0 /* Debug */ = {
			isa = XCBuildConfiguration;
			buildSettings = {
				CODE_SIGN_STYLE = Automatic;
				CURRENT_PROJECT_VERSION = 1;
				DEVELOPMENT_TEAM = 4JAU88YC33;
				GENERATE_INFOPLIST_FILE = YES;
				MACOSX_DEPLOYMENT_TARGET = 12.4;
				MARKETING_VERSION = 1.0;
				PRODUCT_BUNDLE_IDENTIFIER = com.Peng.EssentialFeedCacheIntegrationTests;
				PRODUCT_NAME = "$(TARGET_NAME)";
				SUPPORTED_PLATFORMS = "macosx iphonesimulator iphoneos";
				SWIFT_EMIT_LOC_STRINGS = NO;
				SWIFT_VERSION = 5.0;
			};
			name = Debug;
		};
		B8138EA52A7B878E00870FF0 /* Release */ = {
			isa = XCBuildConfiguration;
			buildSettings = {
				CODE_SIGN_STYLE = Automatic;
				CURRENT_PROJECT_VERSION = 1;
				DEVELOPMENT_TEAM = 4JAU88YC33;
				GENERATE_INFOPLIST_FILE = YES;
				MACOSX_DEPLOYMENT_TARGET = 12.4;
				MARKETING_VERSION = 1.0;
				PRODUCT_BUNDLE_IDENTIFIER = com.Peng.EssentialFeedCacheIntegrationTests;
				PRODUCT_NAME = "$(TARGET_NAME)";
				SUPPORTED_PLATFORMS = "macosx iphonesimulator iphoneos";
				SWIFT_EMIT_LOC_STRINGS = NO;
				SWIFT_VERSION = 5.0;
			};
			name = Release;
		};
		B8A043D12A46F08D00355C32 /* Debug */ = {
			isa = XCBuildConfiguration;
			buildSettings = {
				ALWAYS_SEARCH_USER_PATHS = NO;
				CLANG_ANALYZER_NONNULL = YES;
				CLANG_ANALYZER_NUMBER_OBJECT_CONVERSION = YES_AGGRESSIVE;
				CLANG_CXX_LANGUAGE_STANDARD = "gnu++20";
				CLANG_ENABLE_MODULES = YES;
				CLANG_ENABLE_OBJC_ARC = YES;
				CLANG_ENABLE_OBJC_WEAK = YES;
				CLANG_WARN_BLOCK_CAPTURE_AUTORELEASING = YES;
				CLANG_WARN_BOOL_CONVERSION = YES;
				CLANG_WARN_COMMA = YES;
				CLANG_WARN_CONSTANT_CONVERSION = YES;
				CLANG_WARN_DEPRECATED_OBJC_IMPLEMENTATIONS = YES;
				CLANG_WARN_DIRECT_OBJC_ISA_USAGE = YES_ERROR;
				CLANG_WARN_DOCUMENTATION_COMMENTS = YES;
				CLANG_WARN_EMPTY_BODY = YES;
				CLANG_WARN_ENUM_CONVERSION = YES;
				CLANG_WARN_INFINITE_RECURSION = YES;
				CLANG_WARN_INT_CONVERSION = YES;
				CLANG_WARN_NON_LITERAL_NULL_CONVERSION = YES;
				CLANG_WARN_OBJC_IMPLICIT_RETAIN_SELF = YES;
				CLANG_WARN_OBJC_LITERAL_CONVERSION = YES;
				CLANG_WARN_OBJC_ROOT_CLASS = YES_ERROR;
				CLANG_WARN_QUOTED_INCLUDE_IN_FRAMEWORK_HEADER = YES;
				CLANG_WARN_RANGE_LOOP_ANALYSIS = YES;
				CLANG_WARN_STRICT_PROTOTYPES = YES;
				CLANG_WARN_SUSPICIOUS_MOVE = YES;
				CLANG_WARN_UNGUARDED_AVAILABILITY = YES_AGGRESSIVE;
				CLANG_WARN_UNREACHABLE_CODE = YES;
				CLANG_WARN__DUPLICATE_METHOD_MATCH = YES;
				COPY_PHASE_STRIP = NO;
				CURRENT_PROJECT_VERSION = 1;
				DEBUG_INFORMATION_FORMAT = dwarf;
				ENABLE_STRICT_OBJC_MSGSEND = YES;
				ENABLE_TESTABILITY = YES;
				GCC_C_LANGUAGE_STANDARD = gnu11;
				GCC_DYNAMIC_NO_PIC = NO;
				GCC_NO_COMMON_BLOCKS = YES;
				GCC_OPTIMIZATION_LEVEL = 0;
				GCC_PREPROCESSOR_DEFINITIONS = (
					"DEBUG=1",
					"$(inherited)",
				);
				GCC_WARN_64_TO_32_BIT_CONVERSION = YES;
				GCC_WARN_ABOUT_RETURN_TYPE = YES_ERROR;
				GCC_WARN_UNDECLARED_SELECTOR = YES;
				GCC_WARN_UNINITIALIZED_AUTOS = YES_AGGRESSIVE;
				GCC_WARN_UNUSED_FUNCTION = YES;
				GCC_WARN_UNUSED_VARIABLE = YES;
				MACOSX_DEPLOYMENT_TARGET = 12.4;
				MTL_ENABLE_DEBUG_INFO = INCLUDE_SOURCE;
				MTL_FAST_MATH = YES;
				ONLY_ACTIVE_ARCH = YES;
				SDKROOT = macosx;
				SWIFT_ACTIVE_COMPILATION_CONDITIONS = DEBUG;
				SWIFT_OPTIMIZATION_LEVEL = "-Onone";
				VERSIONING_SYSTEM = "apple-generic";
				VERSION_INFO_PREFIX = "";
			};
			name = Debug;
		};
		B8A043D22A46F08D00355C32 /* Release */ = {
			isa = XCBuildConfiguration;
			buildSettings = {
				ALWAYS_SEARCH_USER_PATHS = NO;
				CLANG_ANALYZER_NONNULL = YES;
				CLANG_ANALYZER_NUMBER_OBJECT_CONVERSION = YES_AGGRESSIVE;
				CLANG_CXX_LANGUAGE_STANDARD = "gnu++20";
				CLANG_ENABLE_MODULES = YES;
				CLANG_ENABLE_OBJC_ARC = YES;
				CLANG_ENABLE_OBJC_WEAK = YES;
				CLANG_WARN_BLOCK_CAPTURE_AUTORELEASING = YES;
				CLANG_WARN_BOOL_CONVERSION = YES;
				CLANG_WARN_COMMA = YES;
				CLANG_WARN_CONSTANT_CONVERSION = YES;
				CLANG_WARN_DEPRECATED_OBJC_IMPLEMENTATIONS = YES;
				CLANG_WARN_DIRECT_OBJC_ISA_USAGE = YES_ERROR;
				CLANG_WARN_DOCUMENTATION_COMMENTS = YES;
				CLANG_WARN_EMPTY_BODY = YES;
				CLANG_WARN_ENUM_CONVERSION = YES;
				CLANG_WARN_INFINITE_RECURSION = YES;
				CLANG_WARN_INT_CONVERSION = YES;
				CLANG_WARN_NON_LITERAL_NULL_CONVERSION = YES;
				CLANG_WARN_OBJC_IMPLICIT_RETAIN_SELF = YES;
				CLANG_WARN_OBJC_LITERAL_CONVERSION = YES;
				CLANG_WARN_OBJC_ROOT_CLASS = YES_ERROR;
				CLANG_WARN_QUOTED_INCLUDE_IN_FRAMEWORK_HEADER = YES;
				CLANG_WARN_RANGE_LOOP_ANALYSIS = YES;
				CLANG_WARN_STRICT_PROTOTYPES = YES;
				CLANG_WARN_SUSPICIOUS_MOVE = YES;
				CLANG_WARN_UNGUARDED_AVAILABILITY = YES_AGGRESSIVE;
				CLANG_WARN_UNREACHABLE_CODE = YES;
				CLANG_WARN__DUPLICATE_METHOD_MATCH = YES;
				COPY_PHASE_STRIP = NO;
				CURRENT_PROJECT_VERSION = 1;
				DEBUG_INFORMATION_FORMAT = "dwarf-with-dsym";
				ENABLE_NS_ASSERTIONS = NO;
				ENABLE_STRICT_OBJC_MSGSEND = YES;
				GCC_C_LANGUAGE_STANDARD = gnu11;
				GCC_NO_COMMON_BLOCKS = YES;
				GCC_WARN_64_TO_32_BIT_CONVERSION = YES;
				GCC_WARN_ABOUT_RETURN_TYPE = YES_ERROR;
				GCC_WARN_UNDECLARED_SELECTOR = YES;
				GCC_WARN_UNINITIALIZED_AUTOS = YES_AGGRESSIVE;
				GCC_WARN_UNUSED_FUNCTION = YES;
				GCC_WARN_UNUSED_VARIABLE = YES;
				MACOSX_DEPLOYMENT_TARGET = 12.4;
				MTL_ENABLE_DEBUG_INFO = NO;
				MTL_FAST_MATH = YES;
				SDKROOT = macosx;
				SWIFT_COMPILATION_MODE = wholemodule;
				SWIFT_OPTIMIZATION_LEVEL = "-O";
				VERSIONING_SYSTEM = "apple-generic";
				VERSION_INFO_PREFIX = "";
			};
			name = Release;
		};
		B8A043D42A46F08D00355C32 /* Debug */ = {
			isa = XCBuildConfiguration;
			buildSettings = {
				CLANG_ENABLE_MODULES = YES;
				CODE_SIGN_STYLE = Automatic;
				COMBINE_HIDPI_IMAGES = YES;
				CURRENT_PROJECT_VERSION = 1;
				DEFINES_MODULE = YES;
				DEVELOPMENT_TEAM = 4JAU88YC33;
				DYLIB_COMPATIBILITY_VERSION = 1;
				DYLIB_CURRENT_VERSION = 1;
				DYLIB_INSTALL_NAME_BASE = "@rpath";
				ENABLE_MODULE_VERIFIER = YES;
				GENERATE_INFOPLIST_FILE = YES;
				INFOPLIST_KEY_NSHumanReadableCopyright = "";
				INSTALL_PATH = "$(LOCAL_LIBRARY_DIR)/Frameworks";
				LD_RUNPATH_SEARCH_PATHS = (
					"$(inherited)",
					"@executable_path/../Frameworks",
					"@loader_path/Frameworks",
				);
				MARKETING_VERSION = 1.0;
				MODULE_VERIFIER_SUPPORTED_LANGUAGES = "objective-c objective-c++";
				MODULE_VERIFIER_SUPPORTED_LANGUAGE_STANDARDS = "gnu11 gnu++20";
				PRODUCT_BUNDLE_IDENTIFIER = com.Peng.EssentialFeed;
				PRODUCT_NAME = "$(TARGET_NAME:c99extidentifier)";
				SKIP_INSTALL = YES;
				SUPPORTED_PLATFORMS = "macosx iphoneos iphonesimulator";
				SWIFT_EMIT_LOC_STRINGS = YES;
				SWIFT_OPTIMIZATION_LEVEL = "-Onone";
				SWIFT_VERSION = 5.0;
			};
			name = Debug;
		};
		B8A043D52A46F08D00355C32 /* Release */ = {
			isa = XCBuildConfiguration;
			buildSettings = {
				CLANG_ENABLE_MODULES = YES;
				CODE_SIGN_STYLE = Automatic;
				COMBINE_HIDPI_IMAGES = YES;
				CURRENT_PROJECT_VERSION = 1;
				DEFINES_MODULE = YES;
				DEVELOPMENT_TEAM = 4JAU88YC33;
				DYLIB_COMPATIBILITY_VERSION = 1;
				DYLIB_CURRENT_VERSION = 1;
				DYLIB_INSTALL_NAME_BASE = "@rpath";
				ENABLE_MODULE_VERIFIER = YES;
				GENERATE_INFOPLIST_FILE = YES;
				INFOPLIST_KEY_NSHumanReadableCopyright = "";
				INSTALL_PATH = "$(LOCAL_LIBRARY_DIR)/Frameworks";
				LD_RUNPATH_SEARCH_PATHS = (
					"$(inherited)",
					"@executable_path/../Frameworks",
					"@loader_path/Frameworks",
				);
				MARKETING_VERSION = 1.0;
				MODULE_VERIFIER_SUPPORTED_LANGUAGES = "objective-c objective-c++";
				MODULE_VERIFIER_SUPPORTED_LANGUAGE_STANDARDS = "gnu11 gnu++20";
				PRODUCT_BUNDLE_IDENTIFIER = com.Peng.EssentialFeed;
				PRODUCT_NAME = "$(TARGET_NAME:c99extidentifier)";
				SKIP_INSTALL = YES;
				SUPPORTED_PLATFORMS = "macosx iphoneos iphonesimulator";
				SWIFT_EMIT_LOC_STRINGS = YES;
				SWIFT_VERSION = 5.0;
			};
			name = Release;
		};
		B8A043D72A46F08D00355C32 /* Debug */ = {
			isa = XCBuildConfiguration;
			buildSettings = {
				ALWAYS_EMBED_SWIFT_STANDARD_LIBRARIES = YES;
				CODE_SIGN_STYLE = Automatic;
				CURRENT_PROJECT_VERSION = 1;
				DEVELOPMENT_TEAM = 4JAU88YC33;
				GENERATE_INFOPLIST_FILE = YES;
				MARKETING_VERSION = 1.0;
				PRODUCT_BUNDLE_IDENTIFIER = com.Peng.EssentialFeedTests;
				PRODUCT_NAME = "$(TARGET_NAME)";
				SUPPORTED_PLATFORMS = "macosx iphoneos iphonesimulator";
				SWIFT_EMIT_LOC_STRINGS = NO;
				SWIFT_VERSION = 5.0;
			};
			name = Debug;
		};
		B8A043D82A46F08D00355C32 /* Release */ = {
			isa = XCBuildConfiguration;
			buildSettings = {
				ALWAYS_EMBED_SWIFT_STANDARD_LIBRARIES = YES;
				CODE_SIGN_STYLE = Automatic;
				CURRENT_PROJECT_VERSION = 1;
				DEVELOPMENT_TEAM = 4JAU88YC33;
				GENERATE_INFOPLIST_FILE = YES;
				MARKETING_VERSION = 1.0;
				PRODUCT_BUNDLE_IDENTIFIER = com.Peng.EssentialFeedTests;
				PRODUCT_NAME = "$(TARGET_NAME)";
				SUPPORTED_PLATFORMS = "macosx iphoneos iphonesimulator";
				SWIFT_EMIT_LOC_STRINGS = NO;
				SWIFT_VERSION = 5.0;
			};
			name = Release;
		};
		B8AA0CC72A4F11A1000A7F5A /* Debug */ = {
			isa = XCBuildConfiguration;
			buildSettings = {
				CODE_SIGN_STYLE = Automatic;
				CURRENT_PROJECT_VERSION = 1;
				DEVELOPMENT_TEAM = 4JAU88YC33;
				GENERATE_INFOPLIST_FILE = YES;
				MARKETING_VERSION = 1.0;
				PRODUCT_BUNDLE_IDENTIFIER = com.Peng.EssentialFeedAPIEndToEndTests;
				PRODUCT_NAME = "$(TARGET_NAME)";
				SUPPORTED_PLATFORMS = "macosx iphonesimulator iphoneos";
				SWIFT_EMIT_LOC_STRINGS = NO;
				SWIFT_VERSION = 5.0;
			};
			name = Debug;
		};
		B8AA0CC82A4F11A1000A7F5A /* Release */ = {
			isa = XCBuildConfiguration;
			buildSettings = {
				CODE_SIGN_STYLE = Automatic;
				CURRENT_PROJECT_VERSION = 1;
				DEVELOPMENT_TEAM = 4JAU88YC33;
				GENERATE_INFOPLIST_FILE = YES;
				MARKETING_VERSION = 1.0;
				PRODUCT_BUNDLE_IDENTIFIER = com.Peng.EssentialFeedAPIEndToEndTests;
				PRODUCT_NAME = "$(TARGET_NAME)";
				SUPPORTED_PLATFORMS = "macosx iphonesimulator iphoneos";
				SWIFT_EMIT_LOC_STRINGS = NO;
				SWIFT_VERSION = 5.0;
			};
			name = Release;
		};
		B8EDF3C12A821A3900CB3614 /* Debug */ = {
			isa = XCBuildConfiguration;
			buildSettings = {
				CLANG_ENABLE_MODULES = YES;
				CODE_SIGN_STYLE = Automatic;
				CURRENT_PROJECT_VERSION = 1;
				DEFINES_MODULE = YES;
				DEVELOPMENT_TEAM = 4JAU88YC33;
				DYLIB_COMPATIBILITY_VERSION = 1;
				DYLIB_CURRENT_VERSION = 1;
				DYLIB_INSTALL_NAME_BASE = "@rpath";
				ENABLE_MODULE_VERIFIER = YES;
				GENERATE_INFOPLIST_FILE = YES;
				INFOPLIST_KEY_NSHumanReadableCopyright = "";
				INSTALL_PATH = "$(LOCAL_LIBRARY_DIR)/Frameworks";
				IPHONEOS_DEPLOYMENT_TARGET = 16.4;
				LD_RUNPATH_SEARCH_PATHS = (
					"$(inherited)",
					"@executable_path/Frameworks",
					"@loader_path/Frameworks",
				);
				MARKETING_VERSION = 1.0;
				MODULE_VERIFIER_SUPPORTED_LANGUAGES = "objective-c objective-c++";
				MODULE_VERIFIER_SUPPORTED_LANGUAGE_STANDARDS = "gnu11 gnu++20";
				PRODUCT_BUNDLE_IDENTIFIER = com.Peng.EssentialFeediOS;
				PRODUCT_NAME = "$(TARGET_NAME:c99extidentifier)";
				SDKROOT = iphoneos;
				SKIP_INSTALL = YES;
				SWIFT_EMIT_LOC_STRINGS = YES;
				SWIFT_OPTIMIZATION_LEVEL = "-Onone";
				SWIFT_VERSION = 5.0;
				TARGETED_DEVICE_FAMILY = "1,2";
			};
			name = Debug;
		};
		B8EDF3C22A821A3900CB3614 /* Release */ = {
			isa = XCBuildConfiguration;
			buildSettings = {
				CLANG_ENABLE_MODULES = YES;
				CODE_SIGN_STYLE = Automatic;
				CURRENT_PROJECT_VERSION = 1;
				DEFINES_MODULE = YES;
				DEVELOPMENT_TEAM = 4JAU88YC33;
				DYLIB_COMPATIBILITY_VERSION = 1;
				DYLIB_CURRENT_VERSION = 1;
				DYLIB_INSTALL_NAME_BASE = "@rpath";
				ENABLE_MODULE_VERIFIER = YES;
				GENERATE_INFOPLIST_FILE = YES;
				INFOPLIST_KEY_NSHumanReadableCopyright = "";
				INSTALL_PATH = "$(LOCAL_LIBRARY_DIR)/Frameworks";
				IPHONEOS_DEPLOYMENT_TARGET = 16.4;
				LD_RUNPATH_SEARCH_PATHS = (
					"$(inherited)",
					"@executable_path/Frameworks",
					"@loader_path/Frameworks",
				);
				MARKETING_VERSION = 1.0;
				MODULE_VERIFIER_SUPPORTED_LANGUAGES = "objective-c objective-c++";
				MODULE_VERIFIER_SUPPORTED_LANGUAGE_STANDARDS = "gnu11 gnu++20";
				PRODUCT_BUNDLE_IDENTIFIER = com.Peng.EssentialFeediOS;
				PRODUCT_NAME = "$(TARGET_NAME:c99extidentifier)";
				SDKROOT = iphoneos;
				SKIP_INSTALL = YES;
				SWIFT_EMIT_LOC_STRINGS = YES;
				SWIFT_VERSION = 5.0;
				TARGETED_DEVICE_FAMILY = "1,2";
				VALIDATE_PRODUCT = YES;
			};
			name = Release;
		};
		B8EDF3C42A821A3900CB3614 /* Debug */ = {
			isa = XCBuildConfiguration;
			buildSettings = {
				ALWAYS_EMBED_SWIFT_STANDARD_LIBRARIES = YES;
				CLANG_ENABLE_MODULES = YES;
				CODE_SIGN_STYLE = Automatic;
				CURRENT_PROJECT_VERSION = 1;
				DEVELOPMENT_TEAM = 4JAU88YC33;
				GENERATE_INFOPLIST_FILE = YES;
				IPHONEOS_DEPLOYMENT_TARGET = 16.4;
				MARKETING_VERSION = 1.0;
				PRODUCT_BUNDLE_IDENTIFIER = com.Peng.EssentialFeediOSTests;
				PRODUCT_NAME = "$(TARGET_NAME)";
				SDKROOT = iphoneos;
				SWIFT_EMIT_LOC_STRINGS = NO;
				SWIFT_OPTIMIZATION_LEVEL = "-Onone";
				SWIFT_VERSION = 5.0;
				TARGETED_DEVICE_FAMILY = "1,2";
			};
			name = Debug;
		};
		B8EDF3C52A821A3900CB3614 /* Release */ = {
			isa = XCBuildConfiguration;
			buildSettings = {
				ALWAYS_EMBED_SWIFT_STANDARD_LIBRARIES = YES;
				CLANG_ENABLE_MODULES = YES;
				CODE_SIGN_STYLE = Automatic;
				CURRENT_PROJECT_VERSION = 1;
				DEVELOPMENT_TEAM = 4JAU88YC33;
				GENERATE_INFOPLIST_FILE = YES;
				IPHONEOS_DEPLOYMENT_TARGET = 16.4;
				MARKETING_VERSION = 1.0;
				PRODUCT_BUNDLE_IDENTIFIER = com.Peng.EssentialFeediOSTests;
				PRODUCT_NAME = "$(TARGET_NAME)";
				SDKROOT = iphoneos;
				SWIFT_EMIT_LOC_STRINGS = NO;
				SWIFT_VERSION = 5.0;
				TARGETED_DEVICE_FAMILY = "1,2";
				VALIDATE_PRODUCT = YES;
			};
			name = Release;
		};
/* End XCBuildConfiguration section */

/* Begin XCConfigurationList section */
		B8138EA32A7B878E00870FF0 /* Build configuration list for PBXNativeTarget "EssentialFeedCacheIntegrationTests" */ = {
			isa = XCConfigurationList;
			buildConfigurations = (
				B8138EA42A7B878E00870FF0 /* Debug */,
				B8138EA52A7B878E00870FF0 /* Release */,
			);
			defaultConfigurationIsVisible = 0;
			defaultConfigurationName = Release;
		};
		B8A043BB2A46F08D00355C32 /* Build configuration list for PBXProject "EssentialFeed" */ = {
			isa = XCConfigurationList;
			buildConfigurations = (
				B8A043D12A46F08D00355C32 /* Debug */,
				B8A043D22A46F08D00355C32 /* Release */,
			);
			defaultConfigurationIsVisible = 0;
			defaultConfigurationName = Release;
		};
		B8A043D32A46F08D00355C32 /* Build configuration list for PBXNativeTarget "EssentialFeed" */ = {
			isa = XCConfigurationList;
			buildConfigurations = (
				B8A043D42A46F08D00355C32 /* Debug */,
				B8A043D52A46F08D00355C32 /* Release */,
			);
			defaultConfigurationIsVisible = 0;
			defaultConfigurationName = Release;
		};
		B8A043D62A46F08D00355C32 /* Build configuration list for PBXNativeTarget "EssentialFeedTests" */ = {
			isa = XCConfigurationList;
			buildConfigurations = (
				B8A043D72A46F08D00355C32 /* Debug */,
				B8A043D82A46F08D00355C32 /* Release */,
			);
			defaultConfigurationIsVisible = 0;
			defaultConfigurationName = Release;
		};
		B8AA0CC92A4F11A1000A7F5A /* Build configuration list for PBXNativeTarget "EssentialFeedAPIEndToEndTests" */ = {
			isa = XCConfigurationList;
			buildConfigurations = (
				B8AA0CC72A4F11A1000A7F5A /* Debug */,
				B8AA0CC82A4F11A1000A7F5A /* Release */,
			);
			defaultConfigurationIsVisible = 0;
			defaultConfigurationName = Release;
		};
		B8EDF3C02A821A3900CB3614 /* Build configuration list for PBXNativeTarget "EssentialFeediOS" */ = {
			isa = XCConfigurationList;
			buildConfigurations = (
				B8EDF3C12A821A3900CB3614 /* Debug */,
				B8EDF3C22A821A3900CB3614 /* Release */,
			);
			defaultConfigurationIsVisible = 0;
			defaultConfigurationName = Release;
		};
		B8EDF3C32A821A3900CB3614 /* Build configuration list for PBXNativeTarget "EssentialFeediOSTests" */ = {
			isa = XCConfigurationList;
			buildConfigurations = (
				B8EDF3C42A821A3900CB3614 /* Debug */,
				B8EDF3C52A821A3900CB3614 /* Release */,
			);
			defaultConfigurationIsVisible = 0;
			defaultConfigurationName = Release;
		};
/* End XCConfigurationList section */

/* Begin XCVersionGroup section */
		B8138E8C2A7B673400870FF0 /* FeedStore.xcdatamodeld */ = {
			isa = XCVersionGroup;
			children = (
				B8138E8D2A7B673400870FF0 /* FeedStore.xcdatamodel */,
			);
			currentVersion = B8138E8D2A7B673400870FF0 /* FeedStore.xcdatamodel */;
			path = FeedStore.xcdatamodeld;
			sourceTree = "<group>";
			versionGroupType = wrapper.xcdatamodel;
		};
/* End XCVersionGroup section */
	};
	rootObject = B8A043B82A46F08D00355C32 /* Project object */;
}
